
Microsoft Visual Studio Solution File, Format Version 12.00
# Visual Studio Version 17
VisualStudioVersion = 17.5.33530.505
MinimumVisualStudioVersion = 10.0.40219.1
Project("{FAE04EC0-301F-11D3-BF4B-00C04F79EFBC}") = "WebRequest", "WebRequest\WebRequest.csproj", "{B6965D75-19B8-4496-9AE8-F1A79BE2E722}"
EndProject
Global
	GlobalSection(SolutionConfigurationPlatforms) = preSolution
		Debug|Any CPU = Debug|Any CPU
		Release|Any CPU = Release|Any CPU
	EndGlobalSection
	GlobalSection(ProjectConfigurationPlatforms) = postSolution
		{B6965D75-19B8-4496-9AE8-F1A79BE2E722}.Debug|Any CPU.ActiveCfg = Debug|Any CPU
		{B6965D75-19B8-4496-9AE8-F1A79BE2E722}.Debug|Any CPU.Build.0 = Debug|Any CPU
		{B6965D75-19B8-4496-9AE8-F1A79BE2E722}.Release|Any CPU.ActiveCfg = Release|Any CPU
		{B6965D75-19B8-4496-9AE8-F1A79BE2E722}.Release|Any CPU.Build.0 = Release|Any CPU
	EndGlobalSection
	GlobalSection(SolutionProperties) = preSolution
		HideSolutionNode = FALSE
	EndGlobalSection
	GlobalSection(ExtensibilityGlobals) = postSolution
		SolutionGuid = {AD234EE1-DD8F-44D0-BB6C-DAECDA4C00A2}
	EndGlobalSection
EndGlobal
