
Microsoft Visual Studio Solution File, Format Version 12.00
# Visual Studio Version 17
VisualStudioVersion = 17.5.33530.505
MinimumVisualStudioVersion = 10.0.40219.1
Project("{FAE04EC0-301F-11D3-BF4B-00C04F79EFBC}") = "MyBanker", "MyBanker\MyBanker.csproj", "{F78C831C-C926-4095-BFA3-85C9FE06E52F}"
EndProject
Global
	GlobalSection(SolutionConfigurationPlatforms) = preSolution
		Debug|Any CPU = Debug|Any CPU
		Release|Any CPU = Release|Any CPU
	EndGlobalSection
	GlobalSection(ProjectConfigurationPlatforms) = postSolution
		{F78C831C-C926-4095-BFA3-85C9FE06E52F}.Debug|Any CPU.ActiveCfg = Debug|Any CPU
		{F78C831C-C926-4095-BFA3-85C9FE06E52F}.Debug|Any CPU.Build.0 = Debug|Any CPU
		{F78C831C-C926-4095-BFA3-85C9FE06E52F}.Release|Any CPU.ActiveCfg = Release|Any CPU
		{F78C831C-C926-4095-BFA3-85C9FE06E52F}.Release|Any CPU.Build.0 = Release|Any CPU
	EndGlobalSection
	GlobalSection(SolutionProperties) = preSolution
		HideSolutionNode = FALSE
	EndGlobalSection
	GlobalSection(ExtensibilityGlobals) = postSolution
		SolutionGuid = {641F3C62-83C1-44AF-AFDE-56E0F4C7370B}
	EndGlobalSection
EndGlobal
