
Microsoft Visual Studio Solution File, Format Version 12.00
# Visual Studio Version 17
VisualStudioVersion = 17.5.33530.505
MinimumVisualStudioVersion = 10.0.40219.1
Project("{FAE04EC0-301F-11D3-BF4B-00C04F79EFBC}") = "BirdsFlying", "BirdsFlying\BirdsFlying.csproj", "{0B82AACB-6C13-4593-A58B-0D7CF918B319}"
EndProject
Global
	GlobalSection(SolutionConfigurationPlatforms) = preSolution
		Debug|Any CPU = Debug|Any CPU
		Release|Any CPU = Release|Any CPU
	EndGlobalSection
	GlobalSection(ProjectConfigurationPlatforms) = postSolution
		{0B82AACB-6C13-4593-A58B-0D7CF918B319}.Debug|Any CPU.ActiveCfg = Debug|Any CPU
		{0B82AACB-6C13-4593-A58B-0D7CF918B319}.Debug|Any CPU.Build.0 = Debug|Any CPU
		{0B82AACB-6C13-4593-A58B-0D7CF918B319}.Release|Any CPU.ActiveCfg = Release|Any CPU
		{0B82AACB-6C13-4593-A58B-0D7CF918B319}.Release|Any CPU.Build.0 = Release|Any CPU
	EndGlobalSection
	GlobalSection(SolutionProperties) = preSolution
		HideSolutionNode = FALSE
	EndGlobalSection
	GlobalSection(ExtensibilityGlobals) = postSolution
		SolutionGuid = {C5A5426F-3257-4ADF-954A-9321722D3B8F}
	EndGlobalSection
EndGlobal
