
Microsoft Visual Studio Solution File, Format Version 12.00
# Visual Studio Version 17
VisualStudioVersion = 17.5.33530.505
MinimumVisualStudioVersion = 10.0.40219.1
Project("{FAE04EC0-301F-11D3-BF4B-00C04F79EFBC}") = "Shapes", "Shapes\Shapes.csproj", "{ECB27B1E-D1C9-48BD-9522-8F61E971A41C}"
EndProject
Global
	GlobalSection(SolutionConfigurationPlatforms) = preSolution
		Debug|Any CPU = Debug|Any CPU
		Release|Any CPU = Release|Any CPU
	EndGlobalSection
	GlobalSection(ProjectConfigurationPlatforms) = postSolution
		{ECB27B1E-D1C9-48BD-9522-8F61E971A41C}.Debug|Any CPU.ActiveCfg = Debug|Any CPU
		{ECB27B1E-D1C9-48BD-9522-8F61E971A41C}.Debug|Any CPU.Build.0 = Debug|Any CPU
		{ECB27B1E-D1C9-48BD-9522-8F61E971A41C}.Release|Any CPU.ActiveCfg = Release|Any CPU
		{ECB27B1E-D1C9-48BD-9522-8F61E971A41C}.Release|Any CPU.Build.0 = Release|Any CPU
	EndGlobalSection
	GlobalSection(SolutionProperties) = preSolution
		HideSolutionNode = FALSE
	EndGlobalSection
	GlobalSection(ExtensibilityGlobals) = postSolution
		SolutionGuid = {5067522E-13CB-4A45-9891-2ACE4A1879B3}
	EndGlobalSection
EndGlobal
